
Microsoft Visual Studio Solution File, Format Version 12.00
# Visual Studio Version 16
VisualStudioVersion = 16.0.30611.23
MinimumVisualStudioVersion = 10.0.40219.1
Project("{FAE04EC0-301F-11D3-BF4B-00C04F79EFBC}") = "NorthwindApp", "NorthwindApp\NorthwindApp.csproj", "{76256486-DB93-4E71-A196-46796E254DC1}"
EndProject
Project("{FAE04EC0-301F-11D3-BF4B-00C04F79EFBC}") = "NorthwindApp_DAL", "NorthwindApp_DAL\NorthwindApp_DAL.csproj", "{9865FB32-B58C-4A47-936D-1D61F819C854}"
EndProject
Global
	GlobalSection(SolutionConfigurationPlatforms) = preSolution
		Debug|Any CPU = Debug|Any CPU
		Release|Any CPU = Release|Any CPU
	EndGlobalSection
	GlobalSection(ProjectConfigurationPlatforms) = postSolution
		{76256486-DB93-4E71-A196-46796E254DC1}.Debug|Any CPU.ActiveCfg = Debug|Any CPU
		{76256486-DB93-4E71-A196-46796E254DC1}.Debug|Any CPU.Build.0 = Debug|Any CPU
		{76256486-DB93-4E71-A196-46796E254DC1}.Release|Any CPU.ActiveCfg = Release|Any CPU
		{76256486-DB93-4E71-A196-46796E254DC1}.Release|Any CPU.Build.0 = Release|Any CPU
		{9865FB32-B58C-4A47-936D-1D61F819C854}.Debug|Any CPU.ActiveCfg = Debug|Any CPU
		{9865FB32-B58C-4A47-936D-1D61F819C854}.Debug|Any CPU.Build.0 = Debug|Any CPU
		{9865FB32-B58C-4A47-936D-1D61F819C854}.Release|Any CPU.ActiveCfg = Release|Any CPU
		{9865FB32-B58C-4A47-936D-1D61F819C854}.Release|Any CPU.Build.0 = Release|Any CPU
	EndGlobalSection
	GlobalSection(SolutionProperties) = preSolution
		HideSolutionNode = FALSE
	EndGlobalSection
	GlobalSection(ExtensibilityGlobals) = postSolution
		SolutionGuid = {46E70BCB-44B4-487B-ADBF-CF2AB55BEA86}
	EndGlobalSection
EndGlobal
